
Microsoft Visual Studio Solution File, Format Version 12.00
# Visual Studio 2012
Project("{FAE04EC0-301F-11D3-BF4B-00C04F79EFBC}") = "asp_mvc_2", "asp_mvc_2\asp_mvc_2.csproj", "{81729806-16D6-4E42-9B6B-1CF82C252FFC}"
EndProject
Global
	GlobalSection(SolutionConfigurationPlatforms) = preSolution
		Debug|Any CPU = Debug|Any CPU
		Release|Any CPU = Release|Any CPU
	EndGlobalSection
	GlobalSection(ProjectConfigurationPlatforms) = postSolution
		{81729806-16D6-4E42-9B6B-1CF82C252FFC}.Debug|Any CPU.ActiveCfg = Debug|Any CPU
		{81729806-16D6-4E42-9B6B-1CF82C252FFC}.Debug|Any CPU.Build.0 = Debug|Any CPU
		{81729806-16D6-4E42-9B6B-1CF82C252FFC}.Release|Any CPU.ActiveCfg = Release|Any CPU
		{81729806-16D6-4E42-9B6B-1CF82C252FFC}.Release|Any CPU.Build.0 = Release|Any CPU
	EndGlobalSection
	GlobalSection(SolutionProperties) = preSolution
		HideSolutionNode = FALSE
	EndGlobalSection
EndGlobal
